
Microsoft Visual Studio Solution File, Format Version 12.00
# Visual Studio Version 16
VisualStudioVersion = 16.0.36227.6
MinimumVisualStudioVersion = 10.0.40219.1
Project("{8BC9CEB8-8B4A-11D0-8D11-00A0C91BC942}") = "osm_map", "osm_map.vcxproj", "{A8FA473E-06B4-4F6A-AA58-B173594F4464}"
EndProject
Global
	GlobalSection(SolutionConfigurationPlatforms) = preSolution
		Debug|x64 = Debug|x64
		Debug|x86 = Debug|x86
		Release|x64 = Release|x64
		Release|x86 = Release|x86
	EndGlobalSection
	GlobalSection(ProjectConfigurationPlatforms) = postSolution
		{A8FA473E-06B4-4F6A-AA58-B173594F4464}.Debug|x64.ActiveCfg = Debug|x64
		{A8FA473E-06B4-4F6A-AA58-B173594F4464}.Debug|x64.Build.0 = Debug|x64
		{A8FA473E-06B4-4F6A-AA58-B173594F4464}.Debug|x86.ActiveCfg = Debug|Win32
		{A8FA473E-06B4-4F6A-AA58-B173594F4464}.Debug|x86.Build.0 = Debug|Win32
		{A8FA473E-06B4-4F6A-AA58-B173594F4464}.Release|x64.ActiveCfg = Release|x64
		{A8FA473E-06B4-4F6A-AA58-B173594F4464}.Release|x64.Build.0 = Release|x64
		{A8FA473E-06B4-4F6A-AA58-B173594F4464}.Release|x86.ActiveCfg = Release|Win32
		{A8FA473E-06B4-4F6A-AA58-B173594F4464}.Release|x86.Build.0 = Release|Win32
	EndGlobalSection
	GlobalSection(SolutionProperties) = preSolution
		HideSolutionNode = FALSE
	EndGlobalSection
	GlobalSection(ExtensibilityGlobals) = postSolution
		SolutionGuid = {14FD9AC1-F0C8-49FC-A157-D6FC3CFE69E6}
	EndGlobalSection
EndGlobal
